
Microsoft Visual Studio Solution File, Format Version 12.00
# Visual Studio Version 17
VisualStudioVersion = 17.0.31903.59
MinimumVisualStudioVersion = 10.0.40219.1
Project("{FAE04EC0-301F-11D3-BF4B-00C04F79EFBC}") = "api", "api\api.csproj", "{997D58A3-3D43-4A30-8E92-04F38EC5C55E}"
EndProject
Project("{FAE04EC0-301F-11D3-BF4B-00C04F79EFBC}") = "infrastructure", "infrastructure\infrastructure.csproj", "{DF04355B-4731-4BFF-8FD9-A401BF0D1F91}"
EndProject
Project("{FAE04EC0-301F-11D3-BF4B-00C04F79EFBC}") = "service", "service\service.csproj", "{3FD34086-5786-4EF5-8A6C-046801968B16}"
EndProject
Global
	GlobalSection(SolutionConfigurationPlatforms) = preSolution
		Debug|Any CPU = Debug|Any CPU
		Release|Any CPU = Release|Any CPU
	EndGlobalSection
	GlobalSection(SolutionProperties) = preSolution
		HideSolutionNode = FALSE
	EndGlobalSection
	GlobalSection(ProjectConfigurationPlatforms) = postSolution
		{997D58A3-3D43-4A30-8E92-04F38EC5C55E}.Debug|Any CPU.ActiveCfg = Debug|Any CPU
		{997D58A3-3D43-4A30-8E92-04F38EC5C55E}.Debug|Any CPU.Build.0 = Debug|Any CPU
		{997D58A3-3D43-4A30-8E92-04F38EC5C55E}.Release|Any CPU.ActiveCfg = Release|Any CPU
		{997D58A3-3D43-4A30-8E92-04F38EC5C55E}.Release|Any CPU.Build.0 = Release|Any CPU
		{DF04355B-4731-4BFF-8FD9-A401BF0D1F91}.Debug|Any CPU.ActiveCfg = Debug|Any CPU
		{DF04355B-4731-4BFF-8FD9-A401BF0D1F91}.Debug|Any CPU.Build.0 = Debug|Any CPU
		{DF04355B-4731-4BFF-8FD9-A401BF0D1F91}.Release|Any CPU.ActiveCfg = Release|Any CPU
		{DF04355B-4731-4BFF-8FD9-A401BF0D1F91}.Release|Any CPU.Build.0 = Release|Any CPU
		{3FD34086-5786-4EF5-8A6C-046801968B16}.Debug|Any CPU.ActiveCfg = Debug|Any CPU
		{3FD34086-5786-4EF5-8A6C-046801968B16}.Debug|Any CPU.Build.0 = Debug|Any CPU
		{3FD34086-5786-4EF5-8A6C-046801968B16}.Release|Any CPU.ActiveCfg = Release|Any CPU
		{3FD34086-5786-4EF5-8A6C-046801968B16}.Release|Any CPU.Build.0 = Release|Any CPU
	EndGlobalSection
EndGlobal
